dependencies:
- name: wiz-kubernetes-connector
  repository: https://wiz-sec.github.io/charts
  version: 3.3.9
- name: wiz-admission-controller
  repository: https://wiz-sec.github.io/charts
  version: 3.8.8
- name: wiz-sensor
  repository: https://wiz-sec.github.io/charts
  version: 1.0.5835
digest: sha256:46e32784933615adb68efca23740e19d8b574805270abfe44ee869d724f6c5d0
generated: "2025-02-25T13:37:54.834375278Z"
